// !$*UTF8*$!
{
	archiveVersion = 1;
	classes = {
	};
	objectVersion = 51;
	objects = {

/* Begin PBXBuildFile section */
		2E0543F8066381EF83152012 /* Pods_HavasRedditTask_HavasRedditTaskUITests.framework in Frameworks */ = {isa = PBXBuildFile; fileRef = BF05E515000D88B368638736 /* Pods_HavasRedditTask_HavasRedditTaskUITests.framework */; };
		503823EBD3063C5E89F952D3 /* Pods_HavasRedditTask.framework in Frameworks */ = {isa = PBXBuildFile; fileRef = 12F63F69B0C6167B907AFB35 /* Pods_HavasRedditTask.framework */; };
		8249EC4E25F8FFA800E201B2 /* RedditViewCell.swift in Sources */ = {isa = PBXBuildFile; fileRef = 8249EC4D25F8FFA800E201B2 /* RedditViewCell.swift */; };
		8249EC5925F927F600E201B2 /* CustomImageView.swift in Sources */ = {isa = PBXBuildFile; fileRef = 8249EC5825F927F600E201B2 /* CustomImageView.swift */; };
		8258903925FA5F17007F310E /* RedditObjectiveCModel.m in Sources */ = {isa = PBXBuildFile; fileRef = 8258903825FA5F17007F310E /* RedditObjectiveCModel.m */; };
		8258904D25FA91D3007F310E /* DetailedViewController.swift in Sources */ = {isa = PBXBuildFile; fileRef = 8258904C25FA91D3007F310E /* DetailedViewController.swift */; };
		8258905325FA9A7C007F310E /* Extensions.swift in Sources */ = {isa = PBXBuildFile; fileRef = 8258905225FA9A7C007F310E /* Extensions.swift */; };
		82627E2A25F9371900EF3219 /* ApiClient.swift in Sources */ = {isa = PBXBuildFile; fileRef = 82627E2925F9371900EF3219 /* ApiClient.swift */; };
		82627E2F25F9378A00EF3219 /* HomeViewModel.swift in Sources */ = {isa = PBXBuildFile; fileRef = 82627E2E25F9378A00EF3219 /* HomeViewModel.swift */; };
		82627E3425F95D9C00EF3219 /* Reddit22.swift in Sources */ = {isa = PBXBuildFile; fileRef = 82627E3325F95D9C00EF3219 /* Reddit22.swift */; };
		82D6138A25F8F69B00045777 /* AppDelegate.swift in Sources */ = {isa = PBXBuildFile; fileRef = 82D6138925F8F69B00045777 /* AppDelegate.swift */; };
		82D6138E25F8F69B00045777 /* HomeController.swift in Sources */ = {isa = PBXBuildFile; fileRef = 82D6138D25F8F69B00045777 /* HomeController.swift */; };
		82D6139325F8F69E00045777 /* Assets.xcassets in Resources */ = {isa = PBXBuildFile; fileRef = 82D6139225F8F69E00045777 /* Assets.xcassets */; };
		82D6139625F8F69E00045777 /* LaunchScreen.storyboard in Resources */ = {isa = PBXBuildFile; fileRef = 82D6139425F8F69E00045777 /* LaunchScreen.storyboard */; };
		82D613A125F8F69F00045777 /* HavasRedditTaskTests.swift in Sources */ = {isa = PBXBuildFile; fileRef = 82D613A025F8F69F00045777 /* HavasRedditTaskTests.swift */; };
		82D613AC25F8F69F00045777 /* HavasRedditTaskUITests.swift in Sources */ = {isa = PBXBuildFile; fileRef = 82D613AB25F8F69F00045777 /* HavasRedditTaskUITests.swift */; };
		B09137BA578ADF2027BB8136 /* Pods_HavasRedditTaskTests.framework in Frameworks */ = {isa = PBXBuildFile; fileRef = CEAC7719A293D8D2F071EEBF /* Pods_HavasRedditTaskTests.framework */; };
/* End PBXBuildFile section */

/* Begin PBXContainerItemProxy section */
		82D6139D25F8F69F00045777 /* PBXContainerItemProxy */ = {
			isa = PBXContainerItemProxy;
			containerPortal = 82D6137E25F8F69B00045777 /* Project object */;
			proxyType = 1;
			remoteGlobalIDString = 82D6138525F8F69B00045777;
			remoteInfo = HavasRedditTask;
		};
		82D613A825F8F69F00045777 /* PBXContainerItemProxy */ = {
			isa = PBXContainerItemProxy;
			containerPortal = 82D6137E25F8F69B00045777 /* Project object */;
			proxyType = 1;
			remoteGlobalIDString = 82D6138525F8F69B00045777;
			remoteInfo = HavasRedditTask;
		};
/* End PBXContainerItemProxy section */

/* Begin PBXFileReference section */
		12F63F69B0C6167B907AFB35 /* Pods_HavasRedditTask.framework */ = {isa = PBXFileReference; explicitFileType = wrapper.framework; includeInIndex = 0; path = Pods_HavasRedditTask.framework; sourceTree = BUILT_PRODUCTS_DIR; };
		186CBA28416564E5409EA743 /* Pods-HavasRedditTask.release.xcconfig */ = {isa = PBXFileReference; includeInIndex = 1; lastKnownFileType = text.xcconfig; name = "Pods-HavasRedditTask.release.xcconfig"; path = "Target Support Files/Pods-HavasRedditTask/Pods-HavasRedditTask.release.xcconfig"; sourceTree = "<group>"; };
		4A75023FFDEA57359E1FD3ED /* Pods-HavasRedditTask-HavasRedditTaskUITests.debug.xcconfig */ = {isa = PBXFileReference; includeInIndex = 1; lastKnownFileType = text.xcconfig; name = "Pods-HavasRedditTask-HavasRedditTaskUITests.debug.xcconfig"; path = "Target Support Files/Pods-HavasRedditTask-HavasRedditTaskUITests/Pods-HavasRedditTask-HavasRedditTaskUITests.debug.xcconfig"; sourceTree = "<group>"; };
		8249EC4D25F8FFA800E201B2 /* RedditViewCell.swift */ = {isa = PBXFileReference; lastKnownFileType = sourcecode.swift; path = RedditViewCell.swift; sourceTree = "<group>"; };
		8249EC5825F927F600E201B2 /* CustomImageView.swift */ = {isa = PBXFileReference; lastKnownFileType = sourcecode.swift; path = CustomImageView.swift; sourceTree = "<group>"; };
		8258903725FA5F16007F310E /* HavasRedditTask-Bridging-Header.h */ = {isa = PBXFileReference; lastKnownFileType = sourcecode.c.h; path = "HavasRedditTask-Bridging-Header.h"; sourceTree = "<group>"; };
		8258903825FA5F17007F310E /* RedditObjectiveCModel.m */ = {isa = PBXFileReference; lastKnownFileType = sourcecode.c.objc; path = RedditObjectiveCModel.m; sourceTree = "<group>"; };
		8258903D25FA61EB007F310E /* RedditObjectiveCModel.h */ = {isa = PBXFileReference; lastKnownFileType = sourcecode.c.h; path = RedditObjectiveCModel.h; sourceTree = "<group>"; };
		8258904C25FA91D3007F310E /* DetailedViewController.swift */ = {isa = PBXFileReference; lastKnownFileType = sourcecode.swift; path = DetailedViewController.swift; sourceTree = "<group>"; };
		8258905225FA9A7C007F310E /* Extensions.swift */ = {isa = PBXFileReference; lastKnownFileType = sourcecode.swift; path = Extensions.swift; sourceTree = "<group>"; };
		82627E2925F9371900EF3219 /* ApiClient.swift */ = {isa = PBXFileReference; lastKnownFileType = sourcecode.swift; path = ApiClient.swift; sourceTree = "<group>"; };
		82627E2E25F9378A00EF3219 /* HomeViewModel.swift */ = {isa = PBXFileReference; lastKnownFileType = sourcecode.swift; path = HomeViewModel.swift; sourceTree = "<group>"; };
		82627E3325F95D9C00EF3219 /* Reddit22.swift */ = {isa = PBXFileReference; lastKnownFileType = sourcecode.swift; path = Reddit22.swift; sourceTree = "<group>"; };
		82D6138625F8F69B00045777 /* HavasRedditTask.app */ = {isa = PBXFileReference; explicitFileType = wrapper.application; includeInIndex = 0; path = HavasRedditTask.app; sourceTree = BUILT_PRODUCTS_DIR; };
		82D6138925F8F69B00045777 /* AppDelegate.swift */ = {isa = PBXFileReference; lastKnownFileType = sourcecode.swift; path = AppDelegate.swift; sourceTree = "<group>"; };
		82D6138D25F8F69B00045777 /* HomeController.swift */ = {isa = PBXFileReference; lastKnownFileType = sourcecode.swift; path = HomeController.swift; sourceTree = "<group>"; };
		82D6139225F8F69E00045777 /* Assets.xcassets */ = {isa = PBXFileReference; lastKnownFileType = folder.assetcatalog; path = Assets.xcassets; sourceTree = "<group>"; };
		82D6139525F8F69E00045777 /* Base */ = {isa = PBXFileReference; lastKnownFileType = file.storyboard; name = Base; path = Base.lproj/LaunchScreen.storyboard; sourceTree = "<group>"; };
		82D6139725F8F69E00045777 /* Info.plist */ = {isa = PBXFileReference; lastKnownFileType = text.plist.xml; path = Info.plist; sourceTree = "<group>"; };
		82D6139C25F8F69F00045777 /* HavasRedditTaskTests.xctest */ = {isa = PBXFileReference; explicitFileType = wrapper.cfbundle; includeInIndex = 0; path = HavasRedditTaskTests.xctest; sourceTree = BUILT_PRODUCTS_DIR; };
		82D613A025F8F69F00045777 /* HavasRedditTaskTests.swift */ = {isa = PBXFileReference; lastKnownFileType = sourcecode.swift; path = HavasRedditTaskTests.swift; sourceTree = "<group>"; };
		82D613A225F8F69F00045777 /* Info.plist */ = {isa = PBXFileReference; lastKnownFileType = text.plist.xml; path = Info.plist; sourceTree = "<group>"; };
		82D613A725F8F69F00045777 /* HavasRedditTaskUITests.xctest */ = {isa = PBXFileReference; explicitFileType = wrapper.cfbundle; includeInIndex = 0; path = HavasRedditTaskUITests.xctest; sourceTree = BUILT_PRODUCTS_DIR; };
		82D613AB25F8F69F00045777 /* HavasRedditTaskUITests.swift */ = {isa = PBXFileReference; lastKnownFileType = sourcecode.swift; path = HavasRedditTaskUITests.swift; sourceTree = "<group>"; };
		82D613AD25F8F69F00045777 /* Info.plist */ = {isa = PBXFileReference; lastKnownFileType = text.plist.xml; path = Info.plist; sourceTree = "<group>"; };
		9847B697F6FC7B3E181AAD57 /* Pods-HavasRedditTaskTests.debug.xcconfig */ = {isa = PBXFileReference; includeInIndex = 1; lastKnownFileType = text.xcconfig; name = "Pods-HavasRedditTaskTests.debug.xcconfig"; path = "Target Support Files/Pods-HavasRedditTaskTests/Pods-HavasRedditTaskTests.debug.xcconfig"; sourceTree = "<group>"; };
		A1E15129BDB8FFDB150CA6D9 /* Pods-HavasRedditTaskTests.release.xcconfig */ = {isa = PBXFileReference; includeInIndex = 1; lastKnownFileType = text.xcconfig; name = "Pods-HavasRedditTaskTests.release.xcconfig"; path = "Target Support Files/Pods-HavasRedditTaskTests/Pods-HavasRedditTaskTests.release.xcconfig"; sourceTree = "<group>"; };
		AFBFF1535F254C4E13BEFFCF /* Pods-HavasRedditTask.debug.xcconfig */ = {isa = PBXFileReference; includeInIndex = 1; lastKnownFileType = text.xcconfig; name = "Pods-HavasRedditTask.debug.xcconfig"; path = "Target Support Files/Pods-HavasRedditTask/Pods-HavasRedditTask.debug.xcconfig"; sourceTree = "<group>"; };
		BF05E515000D88B368638736 /* Pods_HavasRedditTask_HavasRedditTaskUITests.framework */ = {isa = PBXFileReference; explicitFileType = wrapper.framework; includeInIndex = 0; path = Pods_HavasRedditTask_HavasRedditTaskUITests.framework; sourceTree = BUILT_PRODUCTS_DIR; };
		CEAC7719A293D8D2F071EEBF /* Pods_HavasRedditTaskTests.framework */ = {isa = PBXFileReference; explicitFileType = wrapper.framework; includeInIndex = 0; path = Pods_HavasRedditTaskTests.framework; sourceTree = BUILT_PRODUCTS_DIR; };
		E93F65B09287BDDFADC3255B /* Pods-HavasRedditTask-HavasRedditTaskUITests.release.xcconfig */ = {isa = PBXFileReference; includeInIndex = 1; lastKnownFileType = text.xcconfig; name = "Pods-HavasRedditTask-HavasRedditTaskUITests.release.xcconfig"; path = "Target Support Files/Pods-HavasRedditTask-HavasRedditTaskUITests/Pods-HavasRedditTask-HavasRedditTaskUITests.release.xcconfig"; sourceTree = "<group>"; };
/* End PBXFileReference section */

/* Begin PBXFrameworksBuildPhase section */
		82D6138325F8F69B00045777 /* Frameworks */ = {
			isa = PBXFrameworksBuildPhase;
			buildActionMask = 2147483647;
			files = (
				503823EBD3063C5E89F952D3 /* Pods_HavasRedditTask.framework in Frameworks */,
			);
			runOnlyForDeploymentPostprocessing = 0;
		};
		82D6139925F8F69F00045777 /* Frameworks */ = {
			isa = PBXFrameworksBuildPhase;
			buildActionMask = 2147483647;
			files = (
				B09137BA578ADF2027BB8136 /* Pods_HavasRedditTaskTests.framework in Frameworks */,
			);
			runOnlyForDeploymentPostprocessing = 0;
		};
		82D613A425F8F69F00045777 /* Frameworks */ = {
			isa = PBXFrameworksBuildPhase;
			buildActionMask = 2147483647;
			files = (
				2E0543F8066381EF83152012 /* Pods_HavasRedditTask_HavasRedditTaskUITests.framework in Frameworks */,
			);
			runOnlyForDeploymentPostprocessing = 0;
		};
/* End PBXFrameworksBuildPhase section */

/* Begin PBXGroup section */
		37EAA1086FB798DB98827732 /* Pods */ = {
			isa = PBXGroup;
			children = (
				AFBFF1535F254C4E13BEFFCF /* Pods-HavasRedditTask.debug.xcconfig */,
				186CBA28416564E5409EA743 /* Pods-HavasRedditTask.release.xcconfig */,
				4A75023FFDEA57359E1FD3ED /* Pods-HavasRedditTask-HavasRedditTaskUITests.debug.xcconfig */,
				E93F65B09287BDDFADC3255B /* Pods-HavasRedditTask-HavasRedditTaskUITests.release.xcconfig */,
				9847B697F6FC7B3E181AAD57 /* Pods-HavasRedditTaskTests.debug.xcconfig */,
				A1E15129BDB8FFDB150CA6D9 /* Pods-HavasRedditTaskTests.release.xcconfig */,
			);
			path = Pods;
			sourceTree = "<group>";
		};
		560B47169A5AA6431AF0FFE8 /* Frameworks */ = {
			isa = PBXGroup;
			children = (
				12F63F69B0C6167B907AFB35 /* Pods_HavasRedditTask.framework */,
				BF05E515000D88B368638736 /* Pods_HavasRedditTask_HavasRedditTaskUITests.framework */,
				CEAC7719A293D8D2F071EEBF /* Pods_HavasRedditTaskTests.framework */,
			);
			name = Frameworks;
			sourceTree = "<group>";
		};
		8249EC4C25F8FF7E00E201B2 /* Cell */ = {
			isa = PBXGroup;
			children = (
				8249EC4D25F8FFA800E201B2 /* RedditViewCell.swift */,
			);
			path = Cell;
			sourceTree = "<group>";
		};
		8249EC5725F91C9400E201B2 /* Custom */ = {
			isa = PBXGroup;
			children = (
				8249EC5825F927F600E201B2 /* CustomImageView.swift */,
			);
			path = Custom;
			sourceTree = "<group>";
		};
		8258903225FA5DBE007F310E /* ObjectiveC Class */ = {
			isa = PBXGroup;
			children = (
				8258903D25FA61EB007F310E /* RedditObjectiveCModel.h */,
				8258903825FA5F17007F310E /* RedditObjectiveCModel.m */,
				8258903725FA5F16007F310E /* HavasRedditTask-Bridging-Header.h */,
			);
			path = "ObjectiveC Class";
			sourceTree = "<group>";
		};
		8258905125FA9A67007F310E /* Extensions */ = {
			isa = PBXGroup;
			children = (
				8258905225FA9A7C007F310E /* Extensions.swift */,
			);
			path = Extensions;
			sourceTree = "<group>";
		};
		82627E2525F936E500EF3219 /* ApiManager */ = {
			isa = PBXGroup;
			children = (
				82627E2925F9371900EF3219 /* ApiClient.swift */,
			);
			path = ApiManager;
			sourceTree = "<group>";
		};
		82D6137D25F8F69B00045777 = {
			isa = PBXGroup;
			children = (
				82D6138825F8F69B00045777 /* HavasRedditTask */,
				82D6139F25F8F69F00045777 /* HavasRedditTaskTests */,
				82D613AA25F8F69F00045777 /* HavasRedditTaskUITests */,
				82D6138725F8F69B00045777 /* Products */,
				37EAA1086FB798DB98827732 /* Pods */,
				560B47169A5AA6431AF0FFE8 /* Frameworks */,
			);
			sourceTree = "<group>";
		};
		82D6138725F8F69B00045777 /* Products */ = {
			isa = PBXGroup;
			children = (
				82D6138625F8F69B00045777 /* HavasRedditTask.app */,
				82D6139C25F8F69F00045777 /* HavasRedditTaskTests.xctest */,
				82D613A725F8F69F00045777 /* HavasRedditTaskUITests.xctest */,
			);
			name = Products;
			sourceTree = "<group>";
		};
		82D6138825F8F69B00045777 /* HavasRedditTask */ = {
			isa = PBXGroup;
			children = (
				8258905125FA9A67007F310E /* Extensions */,
				8258903225FA5DBE007F310E /* ObjectiveC Class */,
				82627E2525F936E500EF3219 /* ApiManager */,
				8249EC5725F91C9400E201B2 /* Custom */,
				8249EC4C25F8FF7E00E201B2 /* Cell */,
				82D613CD25F8F7A800045777 /* Model */,
				82D613CC25F8F7A000045777 /* ViewModel */,
				82D613CB25F8F79900045777 /* Views */,
				82D6138925F8F69B00045777 /* AppDelegate.swift */,
				82D6139225F8F69E00045777 /* Assets.xcassets */,
				82D6139425F8F69E00045777 /* LaunchScreen.storyboard */,
				82D6139725F8F69E00045777 /* Info.plist */,
			);
			path = HavasRedditTask;
			sourceTree = "<group>";
		};
		82D6139F25F8F69F00045777 /* HavasRedditTaskTests */ = {
			isa = PBXGroup;
			children = (
				82D613A025F8F69F00045777 /* HavasRedditTaskTests.swift */,
				82D613A225F8F69F00045777 /* Info.plist */,
			);
			path = HavasRedditTaskTests;
			sourceTree = "<group>";
		};
		82D613AA25F8F69F00045777 /* HavasRedditTaskUITests */ = {
			isa = PBXGroup;
			children = (
				82D613AB25F8F69F00045777 /* HavasRedditTaskUITests.swift */,
				82D613AD25F8F69F00045777 /* Info.plist */,
			);
			path = HavasRedditTaskUITests;
			sourceTree = "<group>";
		};
		82D613CB25F8F79900045777 /* Views */ = {
			isa = PBXGroup;
			children = (
				82D6138D25F8F69B00045777 /* HomeController.swift */,
				8258904C25FA91D3007F310E /* DetailedViewController.swift */,
			);
			path = Views;
			sourceTree = "<group>";
		};
		82D613CC25F8F7A000045777 /* ViewModel */ = {
			isa = PBXGroup;
			children = (
				82627E2E25F9378A00EF3219 /* HomeViewModel.swift */,
			);
			path = ViewModel;
			sourceTree = "<group>";
		};
		82D613CD25F8F7A800045777 /* Model */ = {
			isa = PBXGroup;
			children = (
				82627E3325F95D9C00EF3219 /* Reddit22.swift */,
			);
			path = Model;
			sourceTree = "<group>";
		};
/* End PBXGroup section */

/* Begin PBXNativeTarget section */
		82D6138525F8F69B00045777 /* HavasRedditTask */ = {
			isa = PBXNativeTarget;
			buildConfigurationList = 82D613B025F8F69F00045777 /* Build configuration list for PBXNativeTarget "HavasRedditTask" */;
			buildPhases = (
				B1147E57C0BBC8B0C005C854 /* [CP] Check Pods Manifest.lock */,
				82D6138225F8F69B00045777 /* Sources */,
				82D6138325F8F69B00045777 /* Frameworks */,
				82D6138425F8F69B00045777 /* Resources */,
				C3503EBAE8737F29D8444C88 /* [CP] Embed Pods Frameworks */,
				82627E3B25F9686B00EF3219 /* ShellScript */,
			);
			buildRules = (
			);
			dependencies = (
			);
			name = HavasRedditTask;
			productName = HavasRedditTask;
			productReference = 82D6138625F8F69B00045777 /* HavasRedditTask.app */;
			productType = "com.apple.product-type.application";
		};
		82D6139B25F8F69F00045777 /* HavasRedditTaskTests */ = {
			isa = PBXNativeTarget;
			buildConfigurationList = 82D613B325F8F69F00045777 /* Build configuration list for PBXNativeTarget "HavasRedditTaskTests" */;
			buildPhases = (
				9860C3D92C73B85142FC5241 /* [CP] Check Pods Manifest.lock */,
				82D6139825F8F69F00045777 /* Sources */,
				82D6139925F8F69F00045777 /* Frameworks */,
				82D6139A25F8F69F00045777 /* Resources */,
			);
			buildRules = (
			);
			dependencies = (
				82D6139E25F8F69F00045777 /* PBXTargetDependency */,
			);
			name = HavasRedditTaskTests;
			productName = HavasRedditTaskTests;
			productReference = 82D6139C25F8F69F00045777 /* HavasRedditTaskTests.xctest */;
			productType = "com.apple.product-type.bundle.unit-test";
		};
		82D613A625F8F69F00045777 /* HavasRedditTaskUITests */ = {
			isa = PBXNativeTarget;
			buildConfigurationList = 82D613B625F8F69F00045777 /* Build configuration list for PBXNativeTarget "HavasRedditTaskUITests" */;
			buildPhases = (
				D4FEB8CFAB033EFB9B218E73 /* [CP] Check Pods Manifest.lock */,
				82D613A325F8F69F00045777 /* Sources */,
				82D613A425F8F69F00045777 /* Frameworks */,
				82D613A525F8F69F00045777 /* Resources */,
				EFCE38D3EE9F76C3C010A1D3 /* [CP] Embed Pods Frameworks */,
			);
			buildRules = (
			);
			dependencies = (
				82D613A925F8F69F00045777 /* PBXTargetDependency */,
			);
			name = HavasRedditTaskUITests;
			productName = HavasRedditTaskUITests;
			productReference = 82D613A725F8F69F00045777 /* HavasRedditTaskUITests.xctest */;
			productType = "com.apple.product-type.bundle.ui-testing";
		};
/* End PBXNativeTarget section */

/* Begin PBXProject section */
		82D6137E25F8F69B00045777 /* Project object */ = {
			isa = PBXProject;
			attributes = {
				LastSwiftUpdateCheck = 1240;
				LastUpgradeCheck = 1240;
				TargetAttributes = {
					82D6138525F8F69B00045777 = {
						CreatedOnToolsVersion = 12.4;
						LastSwiftMigration = 1240;
					};
					82D6139B25F8F69F00045777 = {
						CreatedOnToolsVersion = 12.4;
						TestTargetID = 82D6138525F8F69B00045777;
					};
					82D613A625F8F69F00045777 = {
						CreatedOnToolsVersion = 12.4;
						TestTargetID = 82D6138525F8F69B00045777;
					};
				};
			};
			buildConfigurationList = 82D6138125F8F69B00045777 /* Build configuration list for PBXProject "HavasRedditTask" */;
			compatibilityVersion = "Xcode 9.3";
			developmentRegion = en;
			hasScannedForEncodings = 0;
			knownRegions = (
				en,
				Base,
			);
			mainGroup = 82D6137D25F8F69B00045777;
			productRefGroup = 82D6138725F8F69B00045777 /* Products */;
			projectDirPath = "";
			projectRoot = "";
			targets = (
				82D6138525F8F69B00045777 /* HavasRedditTask */,
				82D6139B25F8F69F00045777 /* HavasRedditTaskTests */,
				82D613A625F8F69F00045777 /* HavasRedditTaskUITests */,
			);
		};
/* End PBXProject section */

/* Begin PBXResourcesBuildPhase section */
		82D6138425F8F69B00045777 /* Resources */ = {
			isa = PBXResourcesBuildPhase;
			buildActionMask = 2147483647;
			files = (
				82D6139625F8F69E00045777 /* LaunchScreen.storyboard in Resources */,
				82D6139325F8F69E00045777 /* Assets.xcassets in Resources */,
			);
			runOnlyForDeploymentPostprocessing = 0;
		};
		82D6139A25F8F69F00045777 /* Resources */ = {
			isa = PBXResourcesBuildPhase;
			buildActionMask = 2147483647;
			files = (
			);
			runOnlyForDeploymentPostprocessing = 0;
		};
		82D613A525F8F69F00045777 /* Resources */ = {
			isa = PBXResourcesBuildPhase;
			buildActionMask = 2147483647;
			files = (
			);
			runOnlyForDeploymentPostprocessing = 0;
		};
/* End PBXResourcesBuildPhase section */

/* Begin PBXShellScriptBuildPhase section */
		82627E3B25F9686B00EF3219 /* ShellScript */ = {
			isa = PBXShellScriptBuildPhase;
			buildActionMask = 2147483647;
			files = (
			);
			inputFileListPaths = (
			);
			inputPaths = (
			);
			outputFileListPaths = (
			);
			outputPaths = (
			);
			runOnlyForDeploymentPostprocessing = 0;
			shellPath = /bin/sh;
			shellScript = "# Type a script or drag a script file from your workspace to insert its path.\nif which swiftformat >/dev/null; then\nswiftformat .\nelse\necho \"error: SwiftFormat not installed\"\nexit 1\nfi\n";
		};
		9860C3D92C73B85142FC5241 /* [CP] Check Pods Manifest.lock */ = {
			isa = PBXShellScriptBuildPhase;
			buildActionMask = 2147483647;
			files = (
			);
			inputFileListPaths = (
			);
			inputPaths = (
				"${PODS_PODFILE_DIR_PATH}/Podfile.lock",
				"${PODS_ROOT}/Manifest.lock",
			);
			name = "[CP] Check Pods Manifest.lock";
			outputFileListPaths = (
			);
			outputPaths = (
				"$(DERIVED_FILE_DIR)/Pods-HavasRedditTaskTests-checkManifestLockResult.txt",
			);
			runOnlyForDeploymentPostprocessing = 0;
			shellPath = /bin/sh;
			shellScript = "diff \"${PODS_PODFILE_DIR_PATH}/Podfile.lock\" \"${PODS_ROOT}/Manifest.lock\" > /dev/null\nif [ $? != 0 ] ; then\n    # print error to STDERR\n    echo \"error: The sandbox is not in sync with the Podfile.lock. Run 'pod install' or update your CocoaPods installation.\" >&2\n    exit 1\nfi\n# This output is used by Xcode 'outputs' to avoid re-running this script phase.\necho \"SUCCESS\" > \"${SCRIPT_OUTPUT_FILE_0}\"\n";
			showEnvVarsInLog = 0;
		};
		B1147E57C0BBC8B0C005C854 /* [CP] Check Pods Manifest.lock */ = {
			isa = PBXShellScriptBuildPhase;
			buildActionMask = 2147483647;
			files = (
			);
			inputFileListPaths = (
			);
			inputPaths = (
				"${PODS_PODFILE_DIR_PATH}/Podfile.lock",
				"${PODS_ROOT}/Manifest.lock",
			);
			name = "[CP] Check Pods Manifest.lock";
			outputFileListPaths = (
			);
			outputPaths = (
				"$(DERIVED_FILE_DIR)/Pods-HavasRedditTask-checkManifestLockResult.txt",
			);
			runOnlyForDeploymentPostprocessing = 0;
			shellPath = /bin/sh;
			shellScript = "diff \"${PODS_PODFILE_DIR_PATH}/Podfile.lock\" \"${PODS_ROOT}/Manifest.lock\" > /dev/null\nif [ $? != 0 ] ; then\n    # print error to STDERR\n    echo \"error: The sandbox is not in sync with the Podfile.lock. Run 'pod install' or update your CocoaPods installation.\" >&2\n    exit 1\nfi\n# This output is used by Xcode 'outputs' to avoid re-running this script phase.\necho \"SUCCESS\" > \"${SCRIPT_OUTPUT_FILE_0}\"\n";
			showEnvVarsInLog = 0;
		};
		C3503EBAE8737F29D8444C88 /* [CP] Embed Pods Frameworks */ = {
			isa = PBXShellScriptBuildPhase;
			buildActionMask = 2147483647;
			files = (
			);
			inputFileListPaths = (
				"${PODS_ROOT}/Target Support Files/Pods-HavasRedditTask/Pods-HavasRedditTask-frameworks-${CONFIGURATION}-input-files.xcfilelist",
			);
			name = "[CP] Embed Pods Frameworks";
			outputFileListPaths = (
				"${PODS_ROOT}/Target Support Files/Pods-HavasRedditTask/Pods-HavasRedditTask-frameworks-${CONFIGURATION}-output-files.xcfilelist",
			);
			runOnlyForDeploymentPostprocessing = 0;
			shellPath = /bin/sh;
			shellScript = "\"${PODS_ROOT}/Target Support Files/Pods-HavasRedditTask/Pods-HavasRedditTask-frameworks.sh\"\n";
			showEnvVarsInLog = 0;
		};
		D4FEB8CFAB033EFB9B218E73 /* [CP] Check Pods Manifest.lock */ = {
			isa = PBXShellScriptBuildPhase;
			buildActionMask = 2147483647;
			files = (
			);
			inputFileListPaths = (
			);
			inputPaths = (
				"${PODS_PODFILE_DIR_PATH}/Podfile.lock",
				"${PODS_ROOT}/Manifest.lock",
			);
			name = "[CP] Check Pods Manifest.lock";
			outputFileListPaths = (
			);
			outputPaths = (
				"$(DERIVED_FILE_DIR)/Pods-HavasRedditTask-HavasRedditTaskUITests-checkManifestLockResult.txt",
			);
			runOnlyForDeploymentPostprocessing = 0;
			shellPath = /bin/sh;
			shellScript = "diff \"${PODS_PODFILE_DIR_PATH}/Podfile.lock\" \"${PODS_ROOT}/Manifest.lock\" > /dev/null\nif [ $? != 0 ] ; then\n    # print error to STDERR\n    echo \"error: The sandbox is not in sync with the Podfile.lock. Run 'pod install' or update your CocoaPods installation.\" >&2\n    exit 1\nfi\n# This output is used by Xcode 'outputs' to avoid re-running this script phase.\necho \"SUCCESS\" > \"${SCRIPT_OUTPUT_FILE_0}\"\n";
			showEnvVarsInLog = 0;
		};
		EFCE38D3EE9F76C3C010A1D3 /* [CP] Embed Pods Frameworks */ = {
			isa = PBXShellScriptBuildPhase;
			buildActionMask = 2147483647;
			files = (
			);
			inputFileListPaths = (
				"${PODS_ROOT}/Target Support Files/Pods-HavasRedditTask-HavasRedditTaskUITests/Pods-HavasRedditTask-HavasRedditTaskUITests-frameworks-${CONFIGURATION}-input-files.xcfilelist",
			);
			name = "[CP] Embed Pods Frameworks";
			outputFileListPaths = (
				"${PODS_ROOT}/Target Support Files/Pods-HavasRedditTask-HavasRedditTaskUITests/Pods-HavasRedditTask-HavasRedditTaskUITests-frameworks-${CONFIGURATION}-output-files.xcfilelist",
			);
			runOnlyForDeploymentPostprocessing = 0;
			shellPath = /bin/sh;
			shellScript = "\"${PODS_ROOT}/Target Support Files/Pods-HavasRedditTask-HavasRedditTaskUITests/Pods-HavasRedditTask-HavasRedditTaskUITests-frameworks.sh\"\n";
			showEnvVarsInLog = 0;
		};
/* End PBXShellScriptBuildPhase section */

/* Begin PBXSourcesBuildPhase section */
		82D6138225F8F69B00045777 /* Sources */ = {
			isa = PBXSourcesBuildPhase;
			buildActionMask = 2147483647;
			files = (
				82627E3425F95D9C00EF3219 /* Reddit22.swift in Sources */,
				8249EC4E25F8FFA800E201B2 /* RedditViewCell.swift in Sources */,
				82627E2F25F9378A00EF3219 /* HomeViewModel.swift in Sources */,
				8249EC5925F927F600E201B2 /* CustomImageView.swift in Sources */,
				82D6138E25F8F69B00045777 /* HomeController.swift in Sources */,
				8258905325FA9A7C007F310E /* Extensions.swift in Sources */,
				8258904D25FA91D3007F310E /* DetailedViewController.swift in Sources */,
				8258903925FA5F17007F310E /* RedditObjectiveCModel.m in Sources */,
				82D6138A25F8F69B00045777 /* AppDelegate.swift in Sources */,
				82627E2A25F9371900EF3219 /* ApiClient.swift in Sources */,
			);
			runOnlyForDeploymentPostprocessing = 0;
		};
		82D6139825F8F69F00045777 /* Sources */ = {
			isa = PBXSourcesBuildPhase;
			buildActionMask = 2147483647;
			files = (
				82D613A125F8F69F00045777 /* HavasRedditTaskTests.swift in Sources */,
			);
			runOnlyForDeploymentPostprocessing = 0;
		};
		82D613A325F8F69F00045777 /* Sources */ = {
			isa = PBXSourcesBuildPhase;
			buildActionMask = 2147483647;
			files = (
				82D613AC25F8F69F00045777 /* HavasRedditTaskUITests.swift in Sources */,
			);
			runOnlyForDeploymentPostprocessing = 0;
		};
/* End PBXSourcesBuildPhase section */

/* Begin PBXTargetDependency section */
		82D6139E25F8F69F00045777 /* PBXTargetDependency */ = {
			isa = PBXTargetDependency;
			target = 82D6138525F8F69B00045777 /* HavasRedditTask */;
			targetProxy = 82D6139D25F8F69F00045777 /* PBXContainerItemProxy */;
		};
		82D613A925F8F69F00045777 /* PBXTargetDependency */ = {
			isa = PBXTargetDependency;
			target = 82D6138525F8F69B00045777 /* HavasRedditTask */;
			targetProxy = 82D613A825F8F69F00045777 /* PBXContainerItemProxy */;
		};
/* End PBXTargetDependency section */

/* Begin PBXVariantGroup section */
		82D6139425F8F69E00045777 /* LaunchScreen.storyboard */ = {
			isa = PBXVariantGroup;
			children = (
				82D6139525F8F69E00045777 /* Base */,
			);
			name = LaunchScreen.storyboard;
			sourceTree = "<group>";
		};
/* End PBXVariantGroup section */

/* Begin XCBuildConfiguration section */
		82D613AE25F8F69F00045777 /* Debug */ = {
			isa = XCBuildConfiguration;
			buildSettings = {
				ALWAYS_SEARCH_USER_PATHS = NO;
				CLANG_ANALYZER_NONNULL = YES;
				CLANG_ANALYZER_NUMBER_OBJECT_CONVERSION = YES_AGGRESSIVE;
				CLANG_CXX_LANGUAGE_STANDARD = "gnu++14";
				CLANG_CXX_LIBRARY = "libc++";
				CLANG_ENABLE_MODULES = YES;
				CLANG_ENABLE_OBJC_ARC = YES;
				CLANG_ENABLE_OBJC_WEAK = YES;
				CLANG_WARN_BLOCK_CAPTURE_AUTORELEASING = YES;
				CLANG_WARN_BOOL_CONVERSION = YES;
				CLANG_WARN_COMMA = YES;
				CLANG_WARN_CONSTANT_CONVERSION = YES;
				CLANG_WARN_DEPRECATED_OBJC_IMPLEMENTATIONS = YES;
				CLANG_WARN_DIRECT_OBJC_ISA_USAGE = YES_ERROR;
				CLANG_WARN_DOCUMENTATION_COMMENTS = YES;
				CLANG_WARN_EMPTY_BODY = YES;
				CLANG_WARN_ENUM_CONVERSION = YES;
				CLANG_WARN_INFINITE_RECURSION = YES;
				CLANG_WARN_INT_CONVERSION = YES;
				CLANG_WARN_NON_LITERAL_NULL_CONVERSION = YES;
				CLANG_WARN_OBJC_IMPLICIT_RETAIN_SELF = YES;
				CLANG_WARN_OBJC_LITERAL_CONVERSION = YES;
				CLANG_WARN_OBJC_ROOT_CLASS = YES_ERROR;
				CLANG_WARN_QUOTED_INCLUDE_IN_FRAMEWORK_HEADER = YES;
				CLANG_WARN_RANGE_LOOP_ANALYSIS = YES;
				CLANG_WARN_STRICT_PROTOTYPES = YES;
				CLANG_WARN_SUSPICIOUS_MOVE = YES;
				CLANG_WARN_UNGUARDED_AVAILABILITY = YES_AGGRESSIVE;
				CLANG_WARN_UNREACHABLE_CODE = YES;
				CLANG_WARN__DUPLICATE_METHOD_MATCH = YES;
				COPY_PHASE_STRIP = NO;
				DEBUG_INFORMATION_FORMAT = dwarf;
				ENABLE_STRICT_OBJC_MSGSEND = YES;
				ENABLE_TESTABILITY = YES;
				GCC_C_LANGUAGE_STANDARD = gnu11;
				GCC_DYNAMIC_NO_PIC = NO;
				GCC_NO_COMMON_BLOCKS = YES;
				GCC_OPTIMIZATION_LEVEL = 0;
				GCC_PREPROCESSOR_DEFINITIONS = (
					"DEBUG=1",
					"$(inherited)",
				);
				GCC_WARN_64_TO_32_BIT_CONVERSION = YES;
				GCC_WARN_ABOUT_RETURN_TYPE = YES_ERROR;
				GCC_WARN_UNDECLARED_SELECTOR = YES;
				GCC_WARN_UNINITIALIZED_AUTOS = YES_AGGRESSIVE;
				GCC_WARN_UNUSED_FUNCTION = YES;
				GCC_WARN_UNUSED_VARIABLE = YES;
				IPHONEOS_DEPLOYMENT_TARGET = 14.4;
				MTL_ENABLE_DEBUG_INFO = INCLUDE_SOURCE;
				MTL_FAST_MATH = YES;
				ONLY_ACTIVE_ARCH = YES;
				SDKROOT = iphoneos;
				SWIFT_ACTIVE_COMPILATION_CONDITIONS = DEBUG;
				SWIFT_OPTIMIZATION_LEVEL = "-Onone";
			};
			name = Debug;
		};
		82D613AF25F8F69F00045777 /* Release */ = {
			isa = XCBuildConfiguration;
			buildSettings = {
				ALWAYS_SEARCH_USER_PATHS = NO;
				CLANG_ANALYZER_NONNULL = YES;
				CLANG_ANALYZER_NUMBER_OBJECT_CONVERSION = YES_AGGRESSIVE;
				CLANG_CXX_LANGUAGE_STANDARD = "gnu++14";
				CLANG_CXX_LIBRARY = "libc++";
				CLANG_ENABLE_MODULES = YES;
				CLANG_ENABLE_OBJC_ARC = YES;
				CLANG_ENABLE_OBJC_WEAK = YES;
				CLANG_WARN_BLOCK_CAPTURE_AUTORELEASING = YES;
				CLANG_WARN_BOOL_CONVERSION = YES;
				CLANG_WARN_COMMA = YES;
				CLANG_WARN_CONSTANT_CONVERSION = YES;
				CLANG_WARN_DEPRECATED_OBJC_IMPLEMENTATIONS = YES;
				CLANG_WARN_DIRECT_OBJC_ISA_USAGE = YES_ERROR;
				CLANG_WARN_DOCUMENTATION_COMMENTS = YES;
				CLANG_WARN_EMPTY_BODY = YES;
				CLANG_WARN_ENUM_CONVERSION = YES;
				CLANG_WARN_INFINITE_RECURSION = YES;
				CLANG_WARN_INT_CONVERSION = YES;
				CLANG_WARN_NON_LITERAL_NULL_CONVERSION = YES;
				CLANG_WARN_OBJC_IMPLICIT_RETAIN_SELF = YES;
				CLANG_WARN_OBJC_LITERAL_CONVERSION = YES;
				CLANG_WARN_OBJC_ROOT_CLASS = YES_ERROR;
				CLANG_WARN_QUOTED_INCLUDE_IN_FRAMEWORK_HEADER = YES;
				CLANG_WARN_RANGE_LOOP_ANALYSIS = YES;
				CLANG_WARN_STRICT_PROTOTYPES = YES;
				CLANG_WARN_SUSPICIOUS_MOVE = YES;
				CLANG_WARN_UNGUARDED_AVAILABILITY = YES_AGGRESSIVE;
				CLANG_WARN_UNREACHABLE_CODE = YES;
				CLANG_WARN__DUPLICATE_METHOD_MATCH = YES;
				COPY_PHASE_STRIP = NO;
				DEBUG_INFORMATION_FORMAT = "dwarf-with-dsym";
				ENABLE_NS_ASSERTIONS = NO;
				ENABLE_STRICT_OBJC_MSGSEND = YES;
				GCC_C_LANGUAGE_STANDARD = gnu11;
				GCC_NO_COMMON_BLOCKS = YES;
				GCC_WARN_64_TO_32_BIT_CONVERSION = YES;
				GCC_WARN_ABOUT_RETURN_TYPE = YES_ERROR;
				GCC_WARN_UNDECLARED_SELECTOR = YES;
				GCC_WARN_UNINITIALIZED_AUTOS = YES_AGGRESSIVE;
				GCC_WARN_UNUSED_FUNCTION = YES;
				GCC_WARN_UNUSED_VARIABLE = YES;
				IPHONEOS_DEPLOYMENT_TARGET = 14.4;
				MTL_ENABLE_DEBUG_INFO = NO;
				MTL_FAST_MATH = YES;
				SDKROOT = iphoneos;
				SWIFT_COMPILATION_MODE = wholemodule;
				SWIFT_OPTIMIZATION_LEVEL = "-O";
				VALIDATE_PRODUCT = YES;
			};
			name = Release;
		};
		82D613B125F8F69F00045777 /* Debug */ = {
			isa = XCBuildConfiguration;
			baseConfigurationReference = AFBFF1535F254C4E13BEFFCF /* Pods-HavasRedditTask.debug.xcconfig */;
			buildSettings = {
				ASSETCATALOG_COMPILER_APPICON_NAME = AppIcon;
				ASSETCATALOG_COMPILER_GLOBAL_ACCENT_COLOR_NAME = AccentColor;
				CLANG_ENABLE_MODULES = YES;
				CODE_SIGN_STYLE = Automatic;
				DEVELOPMENT_TEAM = DZHAL8F38Z;
				INFOPLIST_FILE = HavasRedditTask/Info.plist;
				IPHONEOS_DEPLOYMENT_TARGET = 11.4;
				LD_RUNPATH_SEARCH_PATHS = (
					"$(inherited)",
					"@executable_path/Frameworks",
				);
				PRODUCT_BUNDLE_IDENTIFIER = io.doh.HavasRedditTask;
				PRODUCT_NAME = "$(TARGET_NAME)";
				SWIFT_OBJC_BRIDGING_HEADER = "HavasRedditTask/ObjectiveC Class/HavasRedditTask-Bridging-Header.h";
				SWIFT_OPTIMIZATION_LEVEL = "-Onone";
				SWIFT_VERSION = 5.0;
				TARGETED_DEVICE_FAMILY = "1,2";
			};
			name = Debug;
		};
		82D613B225F8F69F00045777 /* Release */ = {
			isa = XCBuildConfiguration;
			baseConfigurationReference = 186CBA28416564E5409EA743 /* Pods-HavasRedditTask.release.xcconfig */;
			buildSettings = {
				ASSETCATALOG_COMPILER_APPICON_NAME = AppIcon;
				ASSETCATALOG_COMPILER_GLOBAL_ACCENT_COLOR_NAME = AccentColor;
				CLANG_ENABLE_MODULES = YES;
				CODE_SIGN_STYLE = Automatic;
				DEVELOPMENT_TEAM = DZHAL8F38Z;
				INFOPLIST_FILE = HavasRedditTask/Info.plist;
				IPHONEOS_DEPLOYMENT_TARGET = 11.4;
				LD_RUNPATH_SEARCH_PATHS = (
					"$(inherited)",
					"@executable_path/Frameworks",
				);
				PRODUCT_BUNDLE_IDENTIFIER = io.doh.HavasRedditTask;
				PRODUCT_NAME = "$(TARGET_NAME)";
				SWIFT_OBJC_BRIDGING_HEADER = "HavasRedditTask/ObjectiveC Class/HavasRedditTask-Bridging-Header.h";
				SWIFT_VERSION = 5.0;
				TARGETED_DEVICE_FAMILY = "1,2";
			};
			name = Release;
		};
		82D613B425F8F69F00045777 /* Debug */ = {
			isa = XCBuildConfiguration;
			baseConfigurationReference = 9847B697F6FC7B3E181AAD57 /* Pods-HavasRedditTaskTests.debug.xcconfig */;
			buildSettings = {
				ALWAYS_EMBED_SWIFT_STANDARD_LIBRARIES = YES;
				BUNDLE_LOADER = "$(TEST_HOST)";
				CODE_SIGN_STYLE = Automatic;
				DEVELOPMENT_TEAM = DZHAL8F38Z;
				INFOPLIST_FILE = HavasRedditTaskTests/Info.plist;
				IPHONEOS_DEPLOYMENT_TARGET = 14.4;
				LD_RUNPATH_SEARCH_PATHS = (
					"$(inherited)",
					"@executable_path/Frameworks",
					"@loader_path/Frameworks",
				);
				PRODUCT_BUNDLE_IDENTIFIER = io.doh.HavasRedditTaskTests;
				PRODUCT_NAME = "$(TARGET_NAME)";
				SWIFT_VERSION = 5.0;
				TARGETED_DEVICE_FAMILY = "1,2";
				TEST_HOST = "$(BUILT_PRODUCTS_DIR)/HavasRedditTask.app/HavasRedditTask";
			};
			name = Debug;
		};
		82D613B525F8F69F00045777 /* Release */ = {
			isa = XCBuildConfiguration;
			baseConfigurationReference = A1E15129BDB8FFDB150CA6D9 /* Pods-HavasRedditTaskTests.release.xcconfig */;
			buildSettings = {
				ALWAYS_EMBED_SWIFT_STANDARD_LIBRARIES = YES;
				BUNDLE_LOADER = "$(TEST_HOST)";
				CODE_SIGN_STYLE = Automatic;
				DEVELOPMENT_TEAM = DZHAL8F38Z;
				INFOPLIST_FILE = HavasRedditTaskTests/Info.plist;
				IPHONEOS_DEPLOYMENT_TARGET = 14.4;
				LD_RUNPATH_SEARCH_PATHS = (
					"$(inherited)",
					"@executable_path/Frameworks",
					"@loader_path/Frameworks",
				);
				PRODUCT_BUNDLE_IDENTIFIER = io.doh.HavasRedditTaskTests;
				PRODUCT_NAME = "$(TARGET_NAME)";
				SWIFT_VERSION = 5.0;
				TARGETED_DEVICE_FAMILY = "1,2";
				TEST_HOST = "$(BUILT_PRODUCTS_DIR)/HavasRedditTask.app/HavasRedditTask";
			};
			name = Release;
		};
		82D613B725F8F69F00045777 /* Debug */ = {
			isa = XCBuildConfiguration;
			baseConfigurationReference = 4A75023FFDEA57359E1FD3ED /* Pods-HavasRedditTask-HavasRedditTaskUITests.debug.xcconfig */;
			buildSettings = {
				ALWAYS_EMBED_SWIFT_STANDARD_LIBRARIES = YES;
				CODE_SIGN_STYLE = Automatic;
				DEVELOPMENT_TEAM = DZHAL8F38Z;
				INFOPLIST_FILE = HavasRedditTaskUITests/Info.plist;
				LD_RUNPATH_SEARCH_PATHS = (
					"$(inherited)",
					"@executable_path/Frameworks",
					"@loader_path/Frameworks",
				);
				PRODUCT_BUNDLE_IDENTIFIER = io.doh.HavasRedditTaskUITests;
				PRODUCT_NAME = "$(TARGET_NAME)";
				SWIFT_VERSION = 5.0;
				TARGETED_DEVICE_FAMILY = "1,2";
				TEST_TARGET_NAME = HavasRedditTask;
			};
			name = Debug;
		};
		82D613B825F8F69F00045777 /* Release */ = {
			isa = XCBuildConfiguration;
			baseConfigurationReference = E93F65B09287BDDFADC3255B /* Pods-HavasRedditTask-HavasRedditTaskUITests.release.xcconfig */;
			buildSettings = {
				ALWAYS_EMBED_SWIFT_STANDARD_LIBRARIES = YES;
				CODE_SIGN_STYLE = Automatic;
				DEVELOPMENT_TEAM = DZHAL8F38Z;
				INFOPLIST_FILE = HavasRedditTaskUITests/Info.plist;
				LD_RUNPATH_SEARCH_PATHS = (
					"$(inherited)",
					"@executable_path/Frameworks",
					"@loader_path/Frameworks",
				);
				PRODUCT_BUNDLE_IDENTIFIER = io.doh.HavasRedditTaskUITests;
				PRODUCT_NAME = "$(TARGET_NAME)";
				SWIFT_VERSION = 5.0;
				TARGETED_DEVICE_FAMILY = "1,2";
				TEST_TARGET_NAME = HavasRedditTask;
			};
			name = Release;
		};
/* End XCBuildConfiguration section */

/* Begin XCConfigurationList section */
		82D6138125F8F69B00045777 /* Build configuration list for PBXProject "HavasRedditTask" */ = {
			isa = XCConfigurationList;
			buildConfigurations = (
				82D613AE25F8F69F00045777 /* Debug */,
				82D613AF25F8F69F00045777 /* Release */,
			);
			defaultConfigurationIsVisible = 0;
			defaultConfigurationName = Release;
		};
		82D613B025F8F69F00045777 /* Build configuration list for PBXNativeTarget "HavasRedditTask" */ = {
			isa = XCConfigurationList;
			buildConfigurations = (
				82D613B125F8F69F00045777 /* Debug */,
				82D613B225F8F69F00045777 /* Release */,
			);
			defaultConfigurationIsVisible = 0;
			defaultConfigurationName = Release;
		};
		82D613B325F8F69F00045777 /* Build configuration list for PBXNativeTarget "HavasRedditTaskTests" */ = {
			isa = XCConfigurationList;
			buildConfigurations = (
				82D613B425F8F69F00045777 /* Debug */,
				82D613B525F8F69F00045777 /* Release */,
			);
			defaultConfigurationIsVisible = 0;
			defaultConfigurationName = Release;
		};
		82D613B625F8F69F00045777 /* Build configuration list for PBXNativeTarget "HavasRedditTaskUITests" */ = {
			isa = XCConfigurationList;
			buildConfigurations = (
				82D613B725F8F69F00045777 /* Debug */,
				82D613B825F8F69F00045777 /* Release */,
			);
			defaultConfigurationIsVisible = 0;
			defaultConfigurationName = Release;
		};
/* End XCConfigurationList section */
	};
	rootObject = 82D6137E25F8F69B00045777 /* Project object */;
}
